
Microsoft Visual Studio Solution File, Format Version 12.00
# Visual Studio Version 17
VisualStudioVersion = 17.1.32210.238
MinimumVisualStudioVersion = 10.0.40219.1
Project("{FAE04EC0-301F-11D3-BF4B-00C04F79EFBC}") = "RestaurantApi", "RestaurantApi.csproj", "{D34CE701-0C98-4E6D-8738-187217C5AA42}"
EndProject
Global
	GlobalSection(SolutionConfigurationPlatforms) = preSolution
		Debug|Any CPU = Debug|Any CPU
		Release|Any CPU = Release|Any CPU
	EndGlobalSection
	GlobalSection(ProjectConfigurationPlatforms) = postSolution
		{D34CE701-0C98-4E6D-8738-187217C5AA42}.Debug|Any CPU.ActiveCfg = Debug|Any CPU
		{D34CE701-0C98-4E6D-8738-187217C5AA42}.Debug|Any CPU.Build.0 = Debug|Any CPU
		{D34CE701-0C98-4E6D-8738-187217C5AA42}.Release|Any CPU.ActiveCfg = Release|Any CPU
		{D34CE701-0C98-4E6D-8738-187217C5AA42}.Release|Any CPU.Build.0 = Release|Any CPU
	EndGlobalSection
	GlobalSection(SolutionProperties) = preSolution
		HideSolutionNode = FALSE
	EndGlobalSection
	GlobalSection(ExtensibilityGlobals) = postSolution
		SolutionGuid = {EBD77940-B81C-42EA-9E69-7E466F8C650A}
	EndGlobalSection
EndGlobal
